
Microsoft Visual Studio Solution File, Format Version 12.00
# Visual Studio Version 17
VisualStudioVersion = 17.8.34408.163
MinimumVisualStudioVersion = 10.0.40219.1
Project("{FAE04EC0-301F-11D3-BF4B-00C04F79EFBC}") = "VictorKrogh.Data.Database", "VictorKrogh.Data.Database\VictorKrogh.Data.Database.csproj", "{1B980E71-EADB-4FD5-BDA9-94BC908D2969}"
EndProject
Global
	GlobalSection(SolutionConfigurationPlatforms) = preSolution
		Debug|Any CPU = Debug|Any CPU
		Release|Any CPU = Release|Any CPU
	EndGlobalSection
	GlobalSection(ProjectConfigurationPlatforms) = postSolution
		{1B980E71-EADB-4FD5-BDA9-94BC908D2969}.Debug|Any CPU.ActiveCfg = Debug|Any CPU
		{1B980E71-EADB-4FD5-BDA9-94BC908D2969}.Debug|Any CPU.Build.0 = Debug|Any CPU
		{1B980E71-EADB-4FD5-BDA9-94BC908D2969}.Release|Any CPU.ActiveCfg = Release|Any CPU
		{1B980E71-EADB-4FD5-BDA9-94BC908D2969}.Release|Any CPU.Build.0 = Release|Any CPU
	EndGlobalSection
	GlobalSection(SolutionProperties) = preSolution
		HideSolutionNode = FALSE
	EndGlobalSection
	GlobalSection(ExtensibilityGlobals) = postSolution
		SolutionGuid = {2662A332-DE6C-497A-8C76-1DBB4ABA1C65}
	EndGlobalSection
EndGlobal
